lockfileVersion: '9.0'

settings:
  autoInstallPeers: true
  excludeLinksFromLockfile: false

importers:

  .:
    dependencies:
      '@tauri-apps/api':
        specifier: ^2.0.1
        version: 2.0.1
      '@tauri-apps/plugin-shell':
        specifier: ^2.2.1
        version: 2.2.1
      vue:
        specifier: ^3.3.4
        version: 3.5.11(typescript@5.6.2)
    devDependencies:
      '@tauri-apps/cli':
        specifier: '>=2.0.0'
        version: 2.0.1
      '@types/vue':
        specifier: ^2.0.0
        version: 2.0.0(typescript@5.6.2)
      '@vitejs/plugin-vue':
        specifier: ^5.0.5
        version: 5.1.4(vite@6.4.3)(vue@3.5.11(typescript@5.6.2))
      prettier:
        specifier: ^3.3.3
        version: 3.3.3
      typescript:
        specifier: ^5.2.2
        version: 5.6.2
      vite:
        specifier: ^6.4.3
        version: 6.4.3
      vue-tsc:
        specifier: ^2.0.22
        version: 2.1.6(typescript@5.6.2)

packages:

  '@babel/helper-string-parser@7.25.7':
    resolution: {integrity: sha512-CbkjYdsJNHFk8uqpEkpCvRs3YRp9tY6FmFY7wLMSYuGYkrdUi7r2lc4/wqsvlHoMznX3WJ9IP8giGPq68T/Y6g==}
    engines: {node: '>=6.9.0'}

  '@babel/helper-validator-identifier@7.25.7':
    resolution: {integrity: sha512-AM6TzwYqGChO45oiuPqwL2t20/HdMC1rTPAesnBCgPCSF1x3oN9MVUwQV2iyz4xqWrctwK5RNC8LV22kaQCNYg==}
    engines: {node: '>=6.9.0'}

  '@babel/parser@7.25.7':
    resolution: {integrity: sha512-aZn7ETtQsjjGG5HruveUK06cU3Hljuhd9Iojm4M8WWv3wLE6OkE5PWbDUkItmMgegmccaITudyuW5RPYrYlgWw==}
    engines: {node: '>=6.0.0'}
    hasBin: true

  '@babel/types@7.25.7':
    resolution: {integrity: sha512-vwIVdXG+j+FOpkwqHRcBgHLYNL7XMkufrlaFvL9o6Ai9sJn9+PdyIL5qa0XzTZw084c+u9LOls53eoZWP/W5WQ==}
    engines: {node: '>=6.9.0'}

  '@esbuild/aix-ppc64@0.25.12':
    resolution: {integrity: sha512-Hhmwd6CInZ3dwpuGTF8fJG6yoWmsToE+vYgD4nytZVxcu1ulHpUQRAB1UJ8+N1Am3Mz4+xOByoQoSZf4D+CpkA==}
    engines: {node: '>=18'}
    cpu: [ppc64]
    os: [aix]

  '@esbuild/android-arm64@0.25.12':
    resolution: {integrity: sha512-6AAmLG7zwD1Z159jCKPvAxZd4y/VTO0VkprYy+3N2FtJ8+BQWFXU+OxARIwA46c5tdD9SsKGZ/1ocqBS/gAKHg==}
    engines: {node: '>=18'}
    cpu: [arm64]
    os: [android]

  '@esbuild/android-arm@0.25.12':
    resolution: {integrity: sha512-VJ+sKvNA/GE7Ccacc9Cha7bpS8nyzVv0jdVgwNDaR4gDMC/2TTRc33Ip8qrNYUcpkOHUT5OZ0bUcNNVZQ9RLlg==}
    engines: {node: '>=18'}
    cpu: [arm]
    os: [android]

  '@esbuild/android-x64@0.25.12':
    resolution: {integrity: sha512-5jbb+2hhDHx5phYR2By8GTWEzn6I9UqR11Kwf22iKbNpYrsmRB18aX/9ivc5cabcUiAT/wM+YIZ6SG9QO6a8kg==}
    engines: {node: '>=18'}
    cpu: [x64]
    os: [android]

  '@esbuild/darwin-arm64@0.25.12':
    resolution: {integrity: sha512-N3zl+lxHCifgIlcMUP5016ESkeQjLj/959RxxNYIthIg+CQHInujFuXeWbWMgnTo4cp5XVHqFPmpyu9J65C1Yg==}
    engines: {node: '>=18'}
    cpu: [arm64]
    os: [darwin]

  '@esbuild/darwin-x64@0.25.12':
    resolution: {integrity: sha512-HQ9ka4Kx21qHXwtlTUVbKJOAnmG1ipXhdWTmNXiPzPfWKpXqASVcWdnf2bnL73wgjNrFXAa3yYvBSd9pzfEIpA==}
    engines: {node: '>=18'}
    cpu: [x64]
    os: [darwin]

  '@esbuild/freebsd-arm64@0.25.12':
    resolution: {integrity: sha512-gA0Bx759+7Jve03K1S0vkOu5Lg/85dou3EseOGUes8flVOGxbhDDh/iZaoek11Y8mtyKPGF3vP8XhnkDEAmzeg==}
    engines: {node: '>=18'}
    cpu: [arm64]
    os: [freebsd]

  '@esbuild/freebsd-x64@0.25.12':
    resolution: {integrity: sha512-TGbO26Yw2xsHzxtbVFGEXBFH0FRAP7gtcPE7P5yP7wGy7cXK2oO7RyOhL5NLiqTlBh47XhmIUXuGciXEqYFfBQ==}
    engines: {node: '>=18'}
    cpu: [x64]
    os: [freebsd]

  '@esbuild/linux-arm64@0.25.12':
    resolution: {integrity: sha512-8bwX7a8FghIgrupcxb4aUmYDLp8pX06rGh5HqDT7bB+8Rdells6mHvrFHHW2JAOPZUbnjUpKTLg6ECyzvas2AQ==}
    engines: {node: '>=18'}
    cpu: [arm64]
    os: [linux]

  '@esbuild/linux-arm@0.25.12':
    resolution: {integrity: sha512-lPDGyC1JPDou8kGcywY0YILzWlhhnRjdof3UlcoqYmS9El818LLfJJc3PXXgZHrHCAKs/Z2SeZtDJr5MrkxtOw==}
    engines: {node: '>=18'}
    cpu: [arm]
    os: [linux]

  '@esbuild/linux-ia32@0.25.12':
    resolution: {integrity: sha512-0y9KrdVnbMM2/vG8KfU0byhUN+EFCny9+8g202gYqSSVMonbsCfLjUO+rCci7pM0WBEtz+oK/PIwHkzxkyharA==}
    engines: {node: '>=18'}
    cpu: [ia32]
    os: [linux]

  '@esbuild/linux-loong64@0.25.12':
    resolution: {integrity: sha512-h///Lr5a9rib/v1GGqXVGzjL4TMvVTv+s1DPoxQdz7l/AYv6LDSxdIwzxkrPW438oUXiDtwM10o9PmwS/6Z0Ng==}
    engines: {node: '>=18'}
    cpu: [loong64]
    os: [linux]

  '@esbuild/linux-mips64el@0.25.12':
    resolution: {integrity: sha512-iyRrM1Pzy9GFMDLsXn1iHUm18nhKnNMWscjmp4+hpafcZjrr2WbT//d20xaGljXDBYHqRcl8HnxbX6uaA/eGVw==}
    engines: {node: '>=18'}
    cpu: [mips64el]
    os: [linux]

  '@esbuild/linux-ppc64@0.25.12':
    resolution: {integrity: sha512-9meM/lRXxMi5PSUqEXRCtVjEZBGwB7P/D4yT8UG/mwIdze2aV4Vo6U5gD3+RsoHXKkHCfSxZKzmDssVlRj1QQA==}
    engines: {node: '>=18'}
    cpu: [ppc64]
    os: [linux]

  '@esbuild/linux-riscv64@0.25.12':
    resolution: {integrity: sha512-Zr7KR4hgKUpWAwb1f3o5ygT04MzqVrGEGXGLnj15YQDJErYu/BGg+wmFlIDOdJp0PmB0lLvxFIOXZgFRrdjR0w==}
    engines: {node: '>=18'}
    cpu: [riscv64]
    os: [linux]

  '@esbuild/linux-s390x@0.25.12':
    resolution: {integrity: sha512-MsKncOcgTNvdtiISc/jZs/Zf8d0cl/t3gYWX8J9ubBnVOwlk65UIEEvgBORTiljloIWnBzLs4qhzPkJcitIzIg==}
    engines: {node: '>=18'}
    cpu: [s390x]
    os: [linux]

  '@esbuild/linux-x64@0.25.12':
    resolution: {integrity: sha512-uqZMTLr/zR/ed4jIGnwSLkaHmPjOjJvnm6TVVitAa08SLS9Z0VM8wIRx7gWbJB5/J54YuIMInDquWyYvQLZkgw==}
    engines: {node: '>=18'}
    cpu: [x64]
    os: [linux]

  '@esbuild/netbsd-arm64@0.25.12':
    resolution: {integrity: sha512-xXwcTq4GhRM7J9A8Gv5boanHhRa/Q9KLVmcyXHCTaM4wKfIpWkdXiMog/KsnxzJ0A1+nD+zoecuzqPmCRyBGjg==}
    engines: {node: '>=18'}
    cpu: [arm64]
    os: [netbsd]

  '@esbuild/netbsd-x64@0.25.12':
    resolution: {integrity: sha512-Ld5pTlzPy3YwGec4OuHh1aCVCRvOXdH8DgRjfDy/oumVovmuSzWfnSJg+VtakB9Cm0gxNO9BzWkj6mtO1FMXkQ==}
    engines: {node: '>=18'}
    cpu: [x64]
    os: [netbsd]

  '@esbuild/openbsd-arm64@0.25.12':
    resolution: {integrity: sha512-fF96T6KsBo/pkQI950FARU9apGNTSlZGsv1jZBAlcLL1MLjLNIWPBkj5NlSz8aAzYKg+eNqknrUJ24QBybeR5A==}
    engines: {node: '>=18'}
    cpu: [arm64]
    os: [openbsd]

  '@esbuild/openbsd-x64@0.25.12':
    resolution: {integrity: sha512-MZyXUkZHjQxUvzK7rN8DJ3SRmrVrke8ZyRusHlP+kuwqTcfWLyqMOE3sScPPyeIXN/mDJIfGXvcMqCgYKekoQw==}
    engines: {node: '>=18'}
    cpu: [x64]
    os: [openbsd]

  '@esbuild/openharmony-arm64@0.25.12':
    resolution: {integrity: sha512-rm0YWsqUSRrjncSXGA7Zv78Nbnw4XL6/dzr20cyrQf7ZmRcsovpcRBdhD43Nuk3y7XIoW2OxMVvwuRvk9XdASg==}
    engines: {node: '>=18'}
    cpu: [arm64]
    os: [openharmony]

  '@esbuild/sunos-x64@0.25.12':
    resolution: {integrity: sha512-3wGSCDyuTHQUzt0nV7bocDy72r2lI33QL3gkDNGkod22EsYl04sMf0qLb8luNKTOmgF/eDEDP5BFNwoBKH441w==}
    engines: {node: '>=18'}
    cpu: [x64]
    os: [sunos]

  '@esbuild/win32-arm64@0.25.12':
    resolution: {integrity: sha512-rMmLrur64A7+DKlnSuwqUdRKyd3UE7oPJZmnljqEptesKM8wx9J8gx5u0+9Pq0fQQW8vqeKebwNXdfOyP+8Bsg==}
    engines: {node: '>=18'}
    cpu: [arm64]
    os: [win32]

  '@esbuild/win32-ia32@0.25.12':
    resolution: {integrity: sha512-HkqnmmBoCbCwxUKKNPBixiWDGCpQGVsrQfJoVGYLPT41XWF8lHuE5N6WhVia2n4o5QK5M4tYr21827fNhi4byQ==}
    engines: {node: '>=18'}
    cpu: [ia32]
    os: [win32]

  '@esbuild/win32-x64@0.25.12':
    resolution: {integrity: sha512-alJC0uCZpTFrSL0CCDjcgleBXPnCrEAhTBILpeAp7M/OFgoqtAetfBzX0xM00MUsVVPpVjlPuMbREqnZCXaTnA==}
    engines: {node: '>=18'}
    cpu: [x64]
    os: [win32]

  '@jridgewell/sourcemap-codec@1.5.0':
    resolution: {integrity: sha512-gv3ZRaISU3fjPAgNsriBRqGWQL6quFx04YMPW/zD8XMLsU32mhCCbfbO6KZFLjvYpCZ8zyDEgqsgf+PwPaM7GQ==}

  '@napi-rs/lzma-linux-x64-gnu@1.5.1':
    resolution: {integrity: sha512-oTXEIha4SsuXdTA4Iyskj0kpdx2yVXdhd75c2v3xGrHFfVMsbhTPZU/nMPL4sWKo4pBHm3aucLaqGlF696dTyQ==}
    engines: {node: ^22.20 || ^24.12 || >=25}
    cpu: [x64]
    os: [linux]
    libc: [glibc]

  '@rollup/rollup-android-arm-eabi@4.63.5':
    resolution: {integrity: sha512-J25QJU+B78T4FhhBsNpLJyVWOi31mwtpcMwywHmOKH65Q9IWGA81gPj+dnwlhU8wktVriYE+tFAaQgrnJRzAZg==}
    cpu: [arm]
    os: [android]

  '@rollup/rollup-android-arm64@4.63.5':
    resolution: {integrity: sha512-LDopB3zuZM5Ux9TT2luNEBJW/tYbGU2g1d+VpKk6I+gSKDb+/7sYE6M225gRQt4RbMX6MSwMsVR/phdjVUgRLg==}
    cpu: [arm64]
    os: [android]

  '@rollup/rollup-darwin-arm64@4.63.5':
    resolution: {integrity: sha512-wlJEERGfeuHeBavCL2qVnNacOK43NDoZM4sjkeRPymd04OAE9T1zBqDJgmZ+CIsPTYKwdzpUC8vmOw84dwY4Tg==}
    cpu: [arm64]
    os: [darwin]

  '@rollup/rollup-darwin-x64@4.63.5':
    resolution: {integrity: sha512-4nJJGg5jbo2wwPP4JP+LfEBA3bvP8rU9CLuhp7jWvq9sxEyhjQFTFdrqi+/dHEin/pd8jpT0vcehIpnZtmEdcQ==}
    cpu: [x64]
    os: [darwin]

  '@rollup/rollup-freebsd-arm64@4.63.5':
    resolution: {integrity: sha512-DrZbyCDF1hneuO6jRbvZ2D7+PIBM6yIwYnJpg2vIk58T+wuFpiaGZrfUr59lDWw45bg+IrpTGLPiNi/Fk4w3Cg==}
    cpu: [arm64]
    os: [freebsd]

  '@rollup/rollup-freebsd-x64@4.63.5':
    resolution: {integrity: sha512-gqfUVMJMB3mehqywxp6hTBFfgtMQykZY19+cfiaYP0toIJLb/1DZRJHVkQQGP13W4TAwfZDWeg1qBcheTRioXQ==}
    cpu: [x64]
    os: [freebsd]

  '@rollup/rollup-linux-arm-gnueabihf@4.63.5':
    resolution: {integrity: sha512-CFmhpvAwzSaWMlN3VN7UtmoTihlZNzoP0juQib5TQRnYUyDV8dXeWOp29sobWAT6gXl/hQgAClLlEiYozQG3OQ==}
    cpu: [arm]
    os: [linux]
    libc: [glibc]

  '@rollup/rollup-linux-arm-musleabihf@4.63.5':
    resolution: {integrity: sha512-Uc9H8eXCOayV6JLTH5bXKMId6qbhNHa818/BgYjm4jrlq3vZquC9cqyvHBw17xy5Mnj5f+I3gFK5JcEf3hSqrw==}
    cpu: [arm]
    os: [linux]
    libc: [musl]

  '@rollup/rollup-linux-arm64-gnu@4.63.5':
    resolution: {integrity: sha512-VcPr/szv/1BFw112Kt//fxulXt/JPqzzidU84iW68L2DdjnOO8QFUv2zTSYBEPHD6movBD4z+bbr5y60GYM7Jw==}
    cpu: [arm64]
    os: [linux]
    libc: [glibc]

  '@rollup/rollup-linux-arm64-musl@4.63.5':
    resolution: {integrity: sha512-BnxtJ5/91BrIHYIkGrmjz/lbMhqEHt1dPFqIxIFR+jPn0xVc/oUSCtIT089zfp5ufwGDlYz2UC+Fe1SRBpYFbQ==}
    cpu: [arm64]
    os: [linux]
    libc: [musl]

  '@rollup/rollup-linux-loong64-gnu@4.63.5':
    resolution: {integrity: sha512-LrYcHZwF+fAMNKHYTOQ5osWM4AZF7YF6D+XtsjDyEvljtt11twc+zHVXBLNEjxVSUnKYsOhvVz4Z213eW02COQ==}
    cpu: [loong64]
    os: [linux]
    libc: [glibc]

  '@rollup/rollup-linux-loong64-musl@4.63.5':
    resolution: {integrity: sha512-nj7QKQePAAUpCpJHtg0pR0W/b92A9NO17JS3BAQmHDn/yhmkir2p8llrKY9TOhleKIaSzy1JhxS3T9FVld6coA==}
    cpu: [loong64]
    os: [linux]
    libc: [musl]

  '@rollup/rollup-linux-ppc64-gnu@4.63.5':
    resolution: {integrity: sha512-5ylkX6dWMeBKge9nTU+Rxfb+ZfaCIJ9lRqIFaK0eAMcWp7OJbYnLveLgXmm0VrvuLKb8qIK+mHyH0qu88RM+iA==}
    cpu: [ppc64]
    os: [linux]
    libc: [glibc]

  '@rollup/rollup-linux-ppc64-musl@4.63.5':
    resolution: {integrity: sha512-oHK4ZHYFDKjZviK34I+NwgfbGxgI7ztrNxj2hPTSSNFgeq1a/lEd7dHV2fdGAuTH4Iym3RHJg+vAbWaWG4B7Zg==}
    cpu: [ppc64]
    os: [linux]
    libc: [musl]

  '@rollup/rollup-linux-riscv64-gnu@4.63.5':
    resolution: {integrity: sha512-UcetmHZ6XOXuUByiKZyQmb55ZPr0LABr3Ec/HB9wKZn6CEAFWZkE+hsJErJ9hbPBC7nI0dKuELx7CoV6IM7TMg==}
    cpu: [riscv64]
    os: [linux]
    libc: [glibc]

  '@rollup/rollup-linux-riscv64-musl@4.63.5':
    resolution: {integrity: sha512-C5CmDPQBtvjVo8cgQsBs+w6WB0JLkiixhgi6hVLV11hERWdn/p0XcPU2OUcZzac9BPOFq7SbaHFa8r3SWEysCQ==}
    cpu: [riscv64]
    os: [linux]
    libc: [musl]

  '@rollup/rollup-linux-s390x-gnu@4.63.5':
    resolution: {integrity: sha512-lHVQHJFKsuuxLMi3MQO9XVL8Tje3JR82CzB+QDKC5NWBcsIWuwsn9uIM5e3lBhI+fF1/s63qnyYqsg65+8rV/w==}
    cpu: [s390x]
    os: [linux]
    libc: [glibc]

  '@rollup/rollup-linux-x64-gnu@4.63.5':
    resolution: {integrity: sha512-3W9bTFcQNJn71cSJVM9RKIiZOy8DO/XLDii8Uv/Pm6WKqDRj7JV3ZfuXIEfyuy5LXpIzAbB/1M4Ukp9GKNa7nA==}
    cpu: [x64]
    os: [linux]
    libc: [glibc]

  '@rollup/rollup-linux-x64-musl@4.63.5':
    resolution: {integrity: sha512-VDC7rRJlee/scpki96GZ27Omf6yU87s1YXwVTpjE5841faVlDYYT565rgfmoR1U0sqL7z5ivQSDjcsF6VRXyBA==}
    cpu: [x64]
    os: [linux]
    libc: [musl]

  '@rollup/rollup-openbsd-x64@4.63.5':
    resolution: {integrity: sha512-z86Ok2p4pTdv5xqCKZsTooO7yBEiaJR/HzU3Wx8RmWsPoLppnMKROhJusQob8B3IE1ghC343kUW9rC2r+Wf3ig==}
    cpu: [x64]
    os: [openbsd]

  '@rollup/rollup-openharmony-arm64@4.63.5':
    resolution: {integrity: sha512-IzQmj+xXwQFGhMAMKMQVXkMwMZN3TqkJgAE0nSsqvVwWWciP4AIPMmWRqOQ2GfX7TUDZr+xqGFcBS36CRPGw0g==}
    cpu: [arm64]
    os: [openharmony]

  '@rollup/rollup-win32-arm64-msvc@4.63.5':
    resolution: {integrity: sha512-F6qpTaPc9bwBH85kjy0/BLmLSW1uv7AoOXCoRIkg2arlgCYlWYcAbiMkvZuAcaWk9TpCRG//okznLAqLGshkMw==}
    cpu: [arm64]
    os: [win32]

  '@rollup/rollup-win32-ia32-msvc@4.63.5':
    resolution: {integrity: sha512-igoDsTFhhwECBeGbUuLeIk7t8Y1apa+cs6mDWpx2EZ0ch7oEQgzHbFUXN9euoHekCAQzXdXApAGkV6jznS7tWw==}
    cpu: [ia32]
    os: [win32]

  '@rollup/rollup-win32-x64-gnu@4.63.5':
    resolution: {integrity: sha512-U3teMeMbXFmaM5D+OTJpsOXd+wV/qftIeYF9kBKL4v73641qyJmoXFtA28DQLsnmlyayEsTe72xpLHrArq6vHw==}
    cpu: [x64]
    os: [win32]

  '@rollup/rollup-win32-x64-msvc@4.63.5':
    resolution: {integrity: sha512-ypfC34F3RKXvCXBglGqGMsUSMKlgwd1HX9AOAlx9RoZZ6GaI42YHVeKpzg3JG+wpBUJYTG+NNZhqbDWL8tBZkw==}
    cpu: [x64]
    os: [win32]

  '@tauri-apps/api@2.0.1':
    resolution: {integrity: sha512-eoQWT+Tq1qSwQpHV+nw1eNYe5B/nm1PoRjQCRiEOS12I1b+X4PUcREfXVX8dPcBT6GrzWGDtaecY0+1p0Rfqlw==}

  '@tauri-apps/cli-darwin-arm64@2.0.1':
    resolution: {integrity: sha512-oWjCZoFbm57V0eLEkIbc6aUmB4iW65QF7J8JVh5sNzH4xHGP9rzlQarbkg7LOn89z7mFSZpaLJAWlaaZwoV2Ug==}
    engines: {node: '>= 10'}
    cpu: [arm64]
    os: [darwin]

  '@tauri-apps/cli-darwin-x64@2.0.1':
    resolution: {integrity: sha512-bARd5yAnDGpG/FPhSh87+tzQ6D0TPyP2mZ5bg6cioeoXDmry68nT/FBzp87ySR1/KHvuhEQYWM/4RPrDjvI1Yg==}
    engines: {node: '>= 10'}
    cpu: [x64]
    os: [darwin]

  '@tauri-apps/cli-linux-arm-gnueabihf@2.0.1':
    resolution: {integrity: sha512-OK3/RpxujoZAUbV7GHe4IPAUsIO6IuWEHT++jHXP+YW5Y7QezGGjQRc43IlWaQYej/yE8wfcrwrbqisc5wtiCw==}
    engines: {node: '>= 10'}
    cpu: [arm]
    os: [linux]

  '@tauri-apps/cli-linux-arm64-gnu@2.0.1':
    resolution: {integrity: sha512-MGSQJduiMEApspMK97mFt4kr6ig0OtxO5SUFpPDfYPw/XmY9utaRa9CEG6LcH8e0GN9xxYMhCv+FeU48spYPhA==}
    engines: {node: '>= 10'}
    cpu: [arm64]
    os: [linux]
    libc: [glibc]

  '@tauri-apps/cli-linux-arm64-musl@2.0.1':
    resolution: {integrity: sha512-R6+vgxaPpxgGi4suMkQgGuhjMbZzMJfVyWfv2DOE/xxOzSK1BAOc54/HOjfOLxlnkA6uD6V69MwCwXgxW00A2g==}
    engines: {node: '>= 10'}
    cpu: [arm64]
    os: [linux]
    libc: [musl]

  '@tauri-apps/cli-linux-x64-gnu@2.0.1':
    resolution: {integrity: sha512-xrasYQnUZVhKJhBxHAeu4KxZbofaQlsG9KfZ9p1Bx+hmjs5BuujzwMnXsVD2a4l6GPW6gwblf2a6d600rySmWQ==}
    engines: {node: '>= 10'}
    cpu: [x64]
    os: [linux]
    libc: [glibc]

  '@tauri-apps/cli-linux-x64-musl@2.0.1':
    resolution: {integrity: sha512-SPk+EzRTlbvk46p5aURc7O4GihzxbqG80m74vstm0rolnmQ0FX3qqIh3as3cQpDiZWLod4j6EEmX0mTU3QpvXA==}
    engines: {node: '>= 10'}
    cpu: [x64]
    os: [linux]
    libc: [musl]

  '@tauri-apps/cli-win32-arm64-msvc@2.0.1':
    resolution: {integrity: sha512-LAELK01eOMyEt+JZLmx4EUOdRuPYr1a+mHjlxAxCnCaS3dpeg/c5/NMZfbRAJbAH4id+STRHIfPXTdCT2zUNAw==}
    engines: {node: '>= 10'}
    cpu: [arm64]
    os: [win32]

  '@tauri-apps/cli-win32-ia32-msvc@2.0.1':
    resolution: {integrity: sha512-eMUgOS4mAusk5njU2TBxBjCUO1P4cV4uzY5CHihysoXSL2TVQdWrXT42VGeoahJh+yeQWkYFka2s4Bu0iWDMXg==}
    engines: {node: '>= 10'}
    cpu: [ia32]
    os: [win32]

  '@tauri-apps/cli-win32-x64-msvc@2.0.1':
    resolution: {integrity: sha512-U9esAOcFIv80/slzlpwjkG31Wx1OqbfDgC5KjGT1Dd9iUOSuJZCwbiY7m3rYG2I6RWLfd9zhNu86CVohsKjBfA==}
    engines: {node: '>= 10'}
    cpu: [x64]
    os: [win32]

  '@tauri-apps/cli@2.0.1':
    resolution: {integrity: sha512-fCheW0iWYWUtFV3ui3HlMhk3ZJpAQ5KJr7B7UmfhDzBSy1h5JBdrCtvDwy+3AcPN+Fg5Ey3JciF8zEP8eBx+vQ==}
    engines: {node: '>= 10'}
    hasBin: true

  '@tauri-apps/plugin-shell@2.2.1':
    resolution: {integrity: sha512-G1GFYyWe/KlCsymuLiNImUgC8zGY0tI0Y3p8JgBCWduR5IEXlIJS+JuG1qtveitwYXlfJrsExt3enhv5l2/yhA==}

  '@types/estree@1.0.9':
    resolution: {integrity: sha512-GhdPgy1el4/ImP05X05Uw4cw2/M93BCUmnEvWZNStlCzEKME4Fkk+YpoA5OiHNQmoS7Cafb8Xa3Pya8m1Qrzeg==}

  '@types/vue@2.0.0':
    resolution: {integrity: sha512-WDElkBv/o4lVwu6wYHB06AXs4Xo2fwDjJUpvPRc1QQdzkUSiGFjrYuSCy8raxLE5FObgKq8ND7R5gSZTFLK60w==}
    deprecated: This is a stub types definition for vuejs (https://github.com/vuejs/vue). vuejs provides its own type definitions, so you don't need @types/vue installed!

  '@vitejs/plugin-vue@5.1.4':
    resolution: {integrity: sha512-N2XSI2n3sQqp5w7Y/AN/L2XDjBIRGqXko+eDp42sydYSBeJuSm5a1sLf8zakmo8u7tA8NmBgoDLA1HeOESjp9A==}
    engines: {node: ^18.0.0 || >=20.0.0}
    peerDependencies:
      vite: ^5.0.0
      vue: ^3.2.25

  '@volar/language-core@2.4.5':
    resolution: {integrity: sha512-F4tA0DCO5Q1F5mScHmca0umsi2ufKULAnMOVBfMsZdT4myhVl4WdKRwCaKcfOkIEuyrAVvtq1ESBdZ+rSyLVww==}

  '@volar/source-map@2.4.5':
    resolution: {integrity: sha512-varwD7RaKE2J/Z+Zu6j3mNNJbNT394qIxXwdvz/4ao/vxOfyClZpSDtLKkwWmecinkOVos5+PWkWraelfMLfpw==}

  '@volar/typescript@2.4.5':
    resolution: {integrity: sha512-mcT1mHvLljAEtHviVcBuOyAwwMKz1ibXTi5uYtP/pf4XxoAzpdkQ+Br2IC0NPCvLCbjPZmbf3I0udndkfB1CDg==}
    peerDependencies:
      typescript: '*'
    peerDependenciesMeta:
      typescript:
        optional: true

  '@vue/compiler-core@3.5.11':
    resolution: {integrity: sha512-PwAdxs7/9Hc3ieBO12tXzmTD+Ln4qhT/56S+8DvrrZ4kLDn4Z/AMUr8tXJD0axiJBS0RKIoNaR0yMuQB9v9Udg==}

  '@vue/compiler-dom@3.5.11':
    resolution: {integrity: sha512-pyGf8zdbDDRkBrEzf8p7BQlMKNNF5Fk/Cf/fQ6PiUz9at4OaUfyXW0dGJTo2Vl1f5U9jSLCNf0EZJEogLXoeew==}

  '@vue/compiler-sfc@3.5.11':
    resolution: {integrity: sha512-gsbBtT4N9ANXXepprle+X9YLg2htQk1sqH/qGJ/EApl+dgpUBdTv3yP7YlR535uHZY3n6XaR0/bKo0BgwwDniw==}

  '@vue/compiler-ssr@3.5.11':
    resolution: {integrity: sha512-P4+GPjOuC2aFTk1Z4WANvEhyOykcvEd5bIj2KVNGKGfM745LaXGr++5njpdBTzVz5pZifdlR1kpYSJJpIlSePA==}

  '@vue/compiler-vue2@2.7.16':
    resolution: {integrity: sha512-qYC3Psj9S/mfu9uVi5WvNZIzq+xnXMhOwbTFKKDD7b1lhpnn71jXSFdTQ+WsIEk0ONCd7VV2IMm7ONl6tbQ86A==}

  '@vue/language-core@2.1.6':
    resolution: {integrity: sha512-MW569cSky9R/ooKMh6xa2g1D0AtRKbL56k83dzus/bx//RDJk24RHWkMzbAlXjMdDNyxAaagKPRquBIxkxlCkg==}
    peerDependencies:
      typescript: '*'
    peerDependenciesMeta:
      typescript:
        optional: true

  '@vue/reactivity@3.5.11':
    resolution: {integrity: sha512-Nqo5VZEn8MJWlCce8XoyVqHZbd5P2NH+yuAaFzuNSR96I+y1cnuUiq7xfSG+kyvLSiWmaHTKP1r3OZY4mMD50w==}

  '@vue/runtime-core@3.5.11':
    resolution: {integrity: sha512-7PsxFGqwfDhfhh0OcDWBG1DaIQIVOLgkwA5q6MtkPiDFjp5gohVnJEahSktwSFLq7R5PtxDKy6WKURVN1UDbzA==}

  '@vue/runtime-dom@3.5.11':
    resolution: {integrity: sha512-GNghjecT6IrGf0UhuYmpgaOlN7kxzQBhxWEn08c/SQDxv1yy4IXI1bn81JgEpQ4IXjRxWtPyI8x0/7TF5rPfYQ==}

  '@vue/server-renderer@3.5.11':
    resolution: {integrity: sha512-cVOwYBxR7Wb1B1FoxYvtjJD8X/9E5nlH4VSkJy2uMA1MzYNdzAAB//l8nrmN9py/4aP+3NjWukf9PZ3TeWULaA==}
    peerDependencies:
      vue: 3.5.11

  '@vue/shared@3.5.11':
    resolution: {integrity: sha512-W8GgysJVnFo81FthhzurdRAWP/byq3q2qIw70e0JWblzVhjgOMiC2GyovXrZTFQJnFVryYaKGP3Tc9vYzYm6PQ==}

  balanced-match@1.0.2:
    resolution: {integrity: sha512-3oSeUO0TMV67hN1AmbXsK4yaqU7tjiHlbxRDZOpH0KW9+CeX4bRAaX0Anxt0tx2MrpRpWwQaPwIlISEJhYU5Pw==}

  brace-expansion@2.0.1:
    resolution: {integrity: sha512-XnAIvQ8eM+kC6aULx6wuQiwVsnzsi9d3WxzV3FpWTGA19F621kwdbsAcFKXgKUHZWsy+mY6iL1sHTxWEFCytDA==}

  computeds@0.0.1:
    resolution: {integrity: sha512-7CEBgcMjVmitjYo5q8JTJVra6X5mQ20uTThdK+0kR7UEaDrAWEQcRiBtWJzga4eRpP6afNwwLsX2SET2JhVB1Q==}

  csstype@3.1.3:
    resolution: {integrity: sha512-M1uQkMl8rQK/szD0LNhtqxIPLpimGm8sOBwU7lLnCpSbTyY3yeU1Vc7l4KT5zT4s/yOxHH5O7tIuuLOCnLADRw==}

  de-indent@1.0.2:
    resolution: {integrity: sha512-e/1zu3xH5MQryN2zdVaF0OrdNLUbvWxzMbi+iNA6Bky7l1RoP8a2fIbRocyHclXt/arDrrR6lL3TqFD9pMQTsg==}

  entities@4.5.0:
    resolution: {integrity: sha512-V0hjH4dGPh9Ao5p0MoRY6BVqtwCjhz6vI5LT8AJ55H+4g9/4vbHx1I54fS0XuclLhDHArPQCiMjDxjaL8fPxhw==}
    engines: {node: '>=0.12'}

  esbuild@0.25.12:
    resolution: {integrity: sha512-bbPBYYrtZbkt6Os6FiTLCTFxvq4tt3JKall1vRwshA3fdVztsLAatFaZobhkBC8/BrPetoa0oksYoKXoG4ryJg==}
    engines: {node: '>=18'}
    hasBin: true

  estree-walker@2.0.2:
    resolution: {integrity: sha512-Rfkk/Mp/DL7JVje3u18FxFujQlTNR2q6QfMSMB7AvCBx91NGj/ba3kCfza0f6dVDbw7YlRf/nDrn7pQrCCyQ/w==}

  fdir@6.5.0:
    resolution: {integrity: sha512-tIbYtZbucOs0BRGqPJkshJUYdL+SDH7dVM8gjy+ERp3WAUjLEFJE+02kanyHtwjWOnwrKYBiwAmM0p4kLJAnXg==}
    engines: {node: '>=12.0.0'}
    peerDependencies:
      picomatch: ^3 || ^4
    peerDependenciesMeta:
      picomatch:
        optional: true

  fsevents@2.3.3:
    resolution: {integrity: sha512-5xoDfX+fL7faATnagmWPpbFtwh/R77WmMMqqHGS65C3vvB0YHrgF+B1YmZ3441tMj5n63k0212XNoJwzlhffQw==}
    engines: {node: ^8.16.0 || ^10.6.0 || >=11.0.0}
    os: [darwin]

  he@1.2.0:
    resolution: {integrity: sha512-F/1DnUGPopORZi0ni+CvrCgHQ5FyEAHRLSApuYWMmrbSwoN2Mn/7k+Gl38gJnR7yyDZk6WLXwiGod1JOWNDKGw==}
    hasBin: true

  magic-string@0.30.11:
    resolution: {integrity: sha512-+Wri9p0QHMy+545hKww7YAu5NyzF8iomPL/RQazugQ9+Ez4Ic3mERMd8ZTX5rfK944j+560ZJi8iAwgak1Ac7A==}

  minimatch@9.0.5:
    resolution: {integrity: sha512-G6T0ZX48xgozx7587koeX9Ys2NYy6Gmv//P89sEte9V9whIapMNF4idKxnW2QtCcLiTWlb/wfCabAtAFWhhBow==}
    engines: {node: '>=16 || 14 >=14.17'}

  muggle-string@0.4.1:
    resolution: {integrity: sha512-VNTrAak/KhO2i8dqqnqnAHOa3cYBwXEZe9h+D5h/1ZqFSTEFHdM65lR7RoIqq3tBBYavsOXV84NoHXZ0AkPyqQ==}

  nanoid@3.3.19:
    resolution: {integrity: sha512-Y2tUNy4ouw6tq5oDSKeQYGOyhkUBhNOcGV/02KC+6kd9eDGqdZd++mjMiIDilrBYvjEnCYvVtsuHCuP+okSfug==}
    engines: {node: ^10 || ^12 || ^13.7 || ^14 || >=15.0.1}
    hasBin: true

  nanoid@3.3.7:
    resolution: {integrity: sha512-eSRppjcPIatRIMC1U6UngP8XFcz8MQWGQdt1MTBQ7NaAmvXDfvNxbvWV3x2y6CdEUciCSsDHDQZbhYaB8QEo2g==}
    engines: {node: ^10 || ^12 || ^13.7 || ^14 || >=15.0.1}
    hasBin: true

  path-browserify@1.0.1:
    resolution: {integrity: sha512-b7uo2UCUOYZcnF/3ID0lulOJi/bafxa1xPe7ZPsammBSpjSWQkjNxlt635YGS2MiR9GjvuXCtz2emr3jbsz98g==}

  picocolors@1.1.0:
    resolution: {integrity: sha512-TQ92mBOW0l3LeMeyLV6mzy/kWr8lkd/hp3mTg7wYK7zJhuBStmGMBG0BdeDZS/dZx1IukaX6Bk11zcln25o1Aw==}

  picocolors@1.1.1:
    resolution: {integrity: sha512-xceH2snhtb5M9liqDsmEw56le376mTZkEX/jEb/RxNFyegNul7eNslCXP9FDj/Lcu0X8KEyMceP2ntpaHrDEVA==}

  picomatch@4.0.7:
    resolution: {integrity: sha512-qcJu88Q2IWqJsDD529JKMdwGm/dvInW4HvQnRwiH9JtihJvzGOscDtHE3x1pBKeUOTysQ8kVmLnJ2kJu7yhcGA==}
    engines: {node: '>=12'}

  postcss@8.4.47:
    resolution: {integrity: sha512-56rxCq7G/XfB4EkXq9Egn5GCqugWvDFjafDOThIdMBsI15iqPqR5r15TfSr1YPYeEI19YeaXMCbY6u88Y76GLQ==}
    engines: {node: ^10 || ^12 || >=14}

  postcss@8.5.28:
    resolution: {integrity: sha512-RRuzqDtt5Y9h3quz5hWhK+TPnsmVs6WwSU6LkJMeY4HstUEDuYTG8UJSdawMRzmzAtV+KEoG8N3Qg2qLy5vM/A==}
    engines: {node: ^10 || ^12 || >=14}

  prettier@3.3.3:
    resolution: {integrity: sha512-i2tDNA0O5IrMO757lfrdQZCc2jPNDVntV0m/+4whiDfWaTKfMNgR7Qz0NAeGz/nRqF4m5/6CLzbP4/liHt12Ew==}
    engines: {node: '>=14'}
    hasBin: true

  rollup@4.63.5:
    resolution: {integrity: sha512-KRWwmNLlPw5M7HcdYfm15oBv9n9LPtjzpzCIxS/phwqvPyxHSoKX6Y2YU3pxSPfy0CLquVgsx/j/hBi6OvH1Nw==}
    engines: {node: '>=18.0.0', npm: '>=8.0.0'}
    hasBin: true

  semver@7.6.3:
    resolution: {integrity: sha512-oVekP1cKtI+CTDvHWYFUcMtsK/00wmAEfyqKfNdARm8u1wNVhSgaX7A8d4UuIlUI5e84iEwOhs7ZPYRmzU9U6A==}
    engines: {node: '>=10'}
    hasBin: true

  source-map-js@1.2.1:
    resolution: {integrity: sha512-UXWMKhLOwVKb728IUtQPXxfYU+usdybtUrK/8uGE8CQMvrhOpwvzDBwj0QhSL7MQc7vIsISBG8VQ8+IDQxpfQA==}
    engines: {node: '>=0.10.0'}

  tinyglobby@0.2.17:
    resolution: {integrity: sha512-wXR/dYpcqKmfWpEdZjiKJOwCNFndD0DMnrW/cYjVGttEkBfVgcLFHoNrlj47mjOVic9yyNu65alsgF4NQyTa2g==}
    engines: {node: '>=12.0.0'}

  to-fast-properties@2.0.0:
    resolution: {integrity: sha512-/OaKK0xYrs3DmxRYqL/yDc+FxFUVYhDlXMhRmv3z915w2HF1tnN1omB354j8VUGO/hbRzyD6Y3sA7v7GS/ceog==}
    engines: {node: '>=4'}

  typescript@5.6.2:
    resolution: {integrity: sha512-NW8ByodCSNCwZeghjN3o+JX5OFH0Ojg6sadjEKY4huZ52TqbJTJnDo5+Tw98lSy63NZvi4n+ez5m2u5d4PkZyw==}
    engines: {node: '>=14.17'}
    hasBin: true

  vite@6.4.3:
    resolution: {integrity: sha512-NTKlcQjlAK7MlQoyb6LgaqHc8sso/pVyUJYWMws3jg21uTJw/LddqIFPcPqP6PzpgbIcZyKI85sFE4HBrQDA8A==}
    engines: {node: ^18.0.0 || ^20.0.0 || >=22.0.0}
    hasBin: true
    peerDependencies:
      '@types/node': ^18.0.0 || ^20.0.0 || >=22.0.0
      jiti: '>=1.21.0'
      less: '*'
      lightningcss: ^1.21.0
      sass: '*'
      sass-embedded: '*'
      stylus: '*'
      sugarss: '*'
      terser: ^5.16.0
      tsx: ^4.8.1
      yaml: ^2.4.2
    peerDependenciesMeta:
      '@types/node':
        optional: true
      jiti:
        optional: true
      less:
        optional: true
      lightningcss:
        optional: true
      sass:
        optional: true
      sass-embedded:
        optional: true
      stylus:
        optional: true
      sugarss:
        optional: true
      terser:
        optional: true
      tsx:
        optional: true
      yaml:
        optional: true

  vscode-uri@3.0.8:
    resolution: {integrity: sha512-AyFQ0EVmsOZOlAnxoFOGOq1SQDWAB7C6aqMGS23svWAllfOaxbuFvcT8D1i8z3Gyn8fraVeZNNmN6e9bxxXkKw==}

  vue-tsc@2.1.6:
    resolution: {integrity: sha512-f98dyZp5FOukcYmbFpuSCJ4Z0vHSOSmxGttZJCsFeX0M4w/Rsq0s4uKXjcSRsZqsRgQa6z7SfuO+y0HVICE57Q==}
    hasBin: true
    peerDependencies:
      typescript: '>=5.0.0'

  vue@3.5.11:
    resolution: {integrity: sha512-/8Wurrd9J3lb72FTQS7gRMNQD4nztTtKPmuDuPuhqXmmpD6+skVjAeahNpVzsuky6Sy9gy7wn8UadqPtt9SQIg==}
    peerDependencies:
      typescript: '*'
    peerDependenciesMeta:
      typescript:
        optional: true

snapshots:

  '@babel/helper-string-parser@7.25.7': {}

  '@babel/helper-validator-identifier@7.25.7': {}

  '@babel/parser@7.25.7':
    dependencies:
      '@babel/types': 7.25.7

  '@babel/types@7.25.7':
    dependencies:
      '@babel/helper-string-parser': 7.25.7
      '@babel/helper-validator-identifier': 7.25.7
      to-fast-properties: 2.0.0

  '@esbuild/aix-ppc64@0.25.12':
    optional: true

  '@esbuild/android-arm64@0.25.12':
    optional: true

  '@esbuild/android-arm@0.25.12':
    optional: true

  '@esbuild/android-x64@0.25.12':
    optional: true

  '@esbuild/darwin-arm64@0.25.12':
    optional: true

  '@esbuild/darwin-x64@0.25.12':
    optional: true

  '@esbuild/freebsd-arm64@0.25.12':
    optional: true

  '@esbuild/freebsd-x64@0.25.12':
    optional: true

  '@esbuild/linux-arm64@0.25.12':
    optional: true

  '@esbuild/linux-arm@0.25.12':
    optional: true

  '@esbuild/linux-ia32@0.25.12':
    optional: true

  '@esbuild/linux-loong64@0.25.12':
    optional: true

  '@esbuild/linux-mips64el@0.25.12':
    optional: true

  '@esbuild/linux-ppc64@0.25.12':
    optional: true

  '@esbuild/linux-riscv64@0.25.12':
    optional: true

  '@esbuild/linux-s390x@0.25.12':
    optional: true

  '@esbuild/linux-x64@0.25.12':
    optional: true

  '@esbuild/netbsd-arm64@0.25.12':
    optional: true

  '@esbuild/netbsd-x64@0.25.12':
    optional: true

  '@esbuild/openbsd-arm64@0.25.12':
    optional: true

  '@esbuild/openbsd-x64@0.25.12':
    optional: true

  '@esbuild/openharmony-arm64@0.25.12':
    optional: true

  '@esbuild/sunos-x64@0.25.12':
    optional: true

  '@esbuild/win32-arm64@0.25.12':
    optional: true

  '@esbuild/win32-ia32@0.25.12':
    optional: true

  '@esbuild/win32-x64@0.25.12':
    optional: true

  '@jridgewell/sourcemap-codec@1.5.0': {}

  '@napi-rs/lzma-linux-x64-gnu@1.5.1':
    optional: true

  '@rollup/rollup-android-arm-eabi@4.63.5':
    optional: true

  '@rollup/rollup-android-arm64@4.63.5':
    optional: true

  '@rollup/rollup-darwin-arm64@4.63.5':
    optional: true

  '@rollup/rollup-darwin-x64@4.63.5':
    optional: true

  '@rollup/rollup-freebsd-arm64@4.63.5':
    optional: true

  '@rollup/rollup-freebsd-x64@4.63.5':
    optional: true

  '@rollup/rollup-linux-arm-gnueabihf@4.63.5':
    optional: true

  '@rollup/rollup-linux-arm-musleabihf@4.63.5':
    optional: true

  '@rollup/rollup-linux-arm64-gnu@4.63.5':
    optional: true

  '@rollup/rollup-linux-arm64-musl@4.63.5':
    optional: true

  '@rollup/rollup-linux-loong64-gnu@4.63.5':
    optional: true

  '@rollup/rollup-linux-loong64-musl@4.63.5':
    optional: true

  '@rollup/rollup-linux-ppc64-gnu@4.63.5':
    optional: true

  '@rollup/rollup-linux-ppc64-musl@4.63.5':
    optional: true

  '@rollup/rollup-linux-riscv64-gnu@4.63.5':
    optional: true

  '@rollup/rollup-linux-riscv64-musl@4.63.5':
    optional: true

  '@rollup/rollup-linux-s390x-gnu@4.63.5':
    optional: true

  '@rollup/rollup-linux-x64-gnu@4.63.5':
    optional: true

  '@rollup/rollup-linux-x64-musl@4.63.5':
    optional: true

  '@rollup/rollup-openbsd-x64@4.63.5':
    optional: true

  '@rollup/rollup-openharmony-arm64@4.63.5':
    optional: true

  '@rollup/rollup-win32-arm64-msvc@4.63.5':
    optional: true

  '@rollup/rollup-win32-ia32-msvc@4.63.5':
    optional: true

  '@rollup/rollup-win32-x64-gnu@4.63.5':
    optional: true

  '@rollup/rollup-win32-x64-msvc@4.63.5':
    optional: true

  '@tauri-apps/api@2.0.1': {}

  '@tauri-apps/cli-darwin-arm64@2.0.1':
    optional: true

  '@tauri-apps/cli-darwin-x64@2.0.1':
    optional: true

  '@tauri-apps/cli-linux-arm-gnueabihf@2.0.1':
    optional: true

  '@tauri-apps/cli-linux-arm64-gnu@2.0.1':
    optional: true

  '@tauri-apps/cli-linux-arm64-musl@2.0.1':
    optional: true

  '@tauri-apps/cli-linux-x64-gnu@2.0.1':
    optional: true

  '@tauri-apps/cli-linux-x64-musl@2.0.1':
    optional: true

  '@tauri-apps/cli-win32-arm64-msvc@2.0.1':
    optional: true

  '@tauri-apps/cli-win32-ia32-msvc@2.0.1':
    optional: true

  '@tauri-apps/cli-win32-x64-msvc@2.0.1':
    optional: true

  '@tauri-apps/cli@2.0.1':
    optionalDependencies:
      '@tauri-apps/cli-darwin-arm64': 2.0.1
      '@tauri-apps/cli-darwin-x64': 2.0.1
      '@tauri-apps/cli-linux-arm-gnueabihf': 2.0.1
      '@tauri-apps/cli-linux-arm64-gnu': 2.0.1
      '@tauri-apps/cli-linux-arm64-musl': 2.0.1
      '@tauri-apps/cli-linux-x64-gnu': 2.0.1
      '@tauri-apps/cli-linux-x64-musl': 2.0.1
      '@tauri-apps/cli-win32-arm64-msvc': 2.0.1
      '@tauri-apps/cli-win32-ia32-msvc': 2.0.1
      '@tauri-apps/cli-win32-x64-msvc': 2.0.1

  '@tauri-apps/plugin-shell@2.2.1':
    dependencies:
      '@tauri-apps/api': 2.0.1

  '@types/estree@1.0.9': {}

  '@types/vue@2.0.0(typescript@5.6.2)':
    dependencies:
      vue: 3.5.11(typescript@5.6.2)
    transitivePeerDependencies:
      - typescript

  '@vitejs/plugin-vue@5.1.4(vite@6.4.3)(vue@3.5.11(typescript@5.6.2))':
    dependencies:
      vite: 6.4.3
      vue: 3.5.11(typescript@5.6.2)

  '@volar/language-core@2.4.5':
    dependencies:
      '@volar/source-map': 2.4.5

  '@volar/source-map@2.4.5': {}

  '@volar/typescript@2.4.5(typescript@5.6.2)':
    dependencies:
      '@volar/language-core': 2.4.5
      path-browserify: 1.0.1
      vscode-uri: 3.0.8
    optionalDependencies:
      typescript: 5.6.2

  '@vue/compiler-core@3.5.11':
    dependencies:
      '@babel/parser': 7.25.7
      '@vue/shared': 3.5.11
      entities: 4.5.0
      estree-walker: 2.0.2
      source-map-js: 1.2.1

  '@vue/compiler-dom@3.5.11':
    dependencies:
      '@vue/compiler-core': 3.5.11
      '@vue/shared': 3.5.11

  '@vue/compiler-sfc@3.5.11':
    dependencies:
      '@babel/parser': 7.25.7
      '@vue/compiler-core': 3.5.11
      '@vue/compiler-dom': 3.5.11
      '@vue/compiler-ssr': 3.5.11
      '@vue/shared': 3.5.11
      estree-walker: 2.0.2
      magic-string: 0.30.11
      postcss: 8.4.47
      source-map-js: 1.2.1

  '@vue/compiler-ssr@3.5.11':
    dependencies:
      '@vue/compiler-dom': 3.5.11
      '@vue/shared': 3.5.11

  '@vue/compiler-vue2@2.7.16':
    dependencies:
      de-indent: 1.0.2
      he: 1.2.0

  '@vue/language-core@2.1.6(typescript@5.6.2)':
    dependencies:
      '@volar/language-core': 2.4.5
      '@vue/compiler-dom': 3.5.11
      '@vue/compiler-vue2': 2.7.16
      '@vue/shared': 3.5.11
      computeds: 0.0.1
      minimatch: 9.0.5
      muggle-string: 0.4.1
      path-browserify: 1.0.1
    optionalDependencies:
      typescript: 5.6.2

  '@vue/reactivity@3.5.11':
    dependencies:
      '@vue/shared': 3.5.11

  '@vue/runtime-core@3.5.11':
    dependencies:
      '@vue/reactivity': 3.5.11
      '@vue/shared': 3.5.11

  '@vue/runtime-dom@3.5.11':
    dependencies:
      '@vue/reactivity': 3.5.11
      '@vue/runtime-core': 3.5.11
      '@vue/shared': 3.5.11
      csstype: 3.1.3

  '@vue/server-renderer@3.5.11(vue@3.5.11(typescript@5.6.2))':
    dependencies:
      '@vue/compiler-ssr': 3.5.11
      '@vue/shared': 3.5.11
      vue: 3.5.11(typescript@5.6.2)

  '@vue/shared@3.5.11': {}

  balanced-match@1.0.2: {}

  brace-expansion@2.0.1:
    dependencies:
      balanced-match: 1.0.2

  computeds@0.0.1: {}

  csstype@3.1.3: {}

  de-indent@1.0.2: {}

  entities@4.5.0: {}

  esbuild@0.25.12:
    optionalDependencies:
      '@esbuild/aix-ppc64': 0.25.12
      '@esbuild/android-arm': 0.25.12
      '@esbuild/android-arm64': 0.25.12
      '@esbuild/android-x64': 0.25.12
      '@esbuild/darwin-arm64': 0.25.12
      '@esbuild/darwin-x64': 0.25.12
      '@esbuild/freebsd-arm64': 0.25.12
      '@esbuild/freebsd-x64': 0.25.12
      '@esbuild/linux-arm': 0.25.12
      '@esbuild/linux-arm64': 0.25.12
      '@esbuild/linux-ia32': 0.25.12
      '@esbuild/linux-loong64': 0.25.12
      '@esbuild/linux-mips64el': 0.25.12
      '@esbuild/linux-ppc64': 0.25.12
      '@esbuild/linux-riscv64': 0.25.12
      '@esbuild/linux-s390x': 0.25.12
      '@esbuild/linux-x64': 0.25.12
      '@esbuild/netbsd-arm64': 0.25.12
      '@esbuild/netbsd-x64': 0.25.12
      '@esbuild/openbsd-arm64': 0.25.12
      '@esbuild/openbsd-x64': 0.25.12
      '@esbuild/openharmony-arm64': 0.25.12
      '@esbuild/sunos-x64': 0.25.12
      '@esbuild/win32-arm64': 0.25.12
      '@esbuild/win32-ia32': 0.25.12
      '@esbuild/win32-x64': 0.25.12

  estree-walker@2.0.2: {}

  fdir@6.5.0(picomatch@4.0.7):
    optionalDependencies:
      picomatch: 4.0.7

  fsevents@2.3.3:
    optional: true

  he@1.2.0: {}

  magic-string@0.30.11:
    dependencies:
      '@jridgewell/sourcemap-codec': 1.5.0

  minimatch@9.0.5:
    dependencies:
      brace-expansion: 2.0.1

  muggle-string@0.4.1: {}

  nanoid@3.3.19: {}

  nanoid@3.3.7: {}

  path-browserify@1.0.1: {}

  picocolors@1.1.0: {}

  picocolors@1.1.1: {}

  picomatch@4.0.7: {}

  postcss@8.4.47:
    dependencies:
      nanoid: 3.3.7
      picocolors: 1.1.0
      source-map-js: 1.2.1

  postcss@8.5.28:
    dependencies:
      nanoid: 3.3.19
      picocolors: 1.1.1
      source-map-js: 1.2.1

  prettier@3.3.3: {}

  rollup@4.63.5:
    dependencies:
      '@types/estree': 1.0.9
    optionalDependencies:
      '@napi-rs/lzma-linux-x64-gnu': 1.5.1
      '@rollup/rollup-android-arm-eabi': 4.63.5
      '@rollup/rollup-android-arm64': 4.63.5
      '@rollup/rollup-darwin-arm64': 4.63.5
      '@rollup/rollup-darwin-x64': 4.63.5
      '@rollup/rollup-freebsd-arm64': 4.63.5
      '@rollup/rollup-freebsd-x64': 4.63.5
      '@rollup/rollup-linux-arm-gnueabihf': 4.63.5
      '@rollup/rollup-linux-arm-musleabihf': 4.63.5
      '@rollup/rollup-linux-arm64-gnu': 4.63.5
      '@rollup/rollup-linux-arm64-musl': 4.63.5
      '@rollup/rollup-linux-loong64-gnu': 4.63.5
      '@rollup/rollup-linux-loong64-musl': 4.63.5
      '@rollup/rollup-linux-ppc64-gnu': 4.63.5
      '@rollup/rollup-linux-ppc64-musl': 4.63.5
      '@rollup/rollup-linux-riscv64-gnu': 4.63.5
      '@rollup/rollup-linux-riscv64-musl': 4.63.5
      '@rollup/rollup-linux-s390x-gnu': 4.63.5
      '@rollup/rollup-linux-x64-gnu': 4.63.5
      '@rollup/rollup-linux-x64-musl': 4.63.5
      '@rollup/rollup-openbsd-x64': 4.63.5
      '@rollup/rollup-openharmony-arm64': 4.63.5
      '@rollup/rollup-win32-arm64-msvc': 4.63.5
      '@rollup/rollup-win32-ia32-msvc': 4.63.5
      '@rollup/rollup-win32-x64-gnu': 4.63.5
      '@rollup/rollup-win32-x64-msvc': 4.63.5
      fsevents: 2.3.3

  semver@7.6.3: {}

  source-map-js@1.2.1: {}

  tinyglobby@0.2.17:
    dependencies:
      fdir: 6.5.0(picomatch@4.0.7)
      picomatch: 4.0.7

  to-fast-properties@2.0.0: {}

  typescript@5.6.2: {}

  vite@6.4.3:
    dependencies:
      esbuild: 0.25.12
      fdir: 6.5.0(picomatch@4.0.7)
      picomatch: 4.0.7
      postcss: 8.5.28
      rollup: 4.63.5
      tinyglobby: 0.2.17
    optionalDependencies:
      fsevents: 2.3.3

  vscode-uri@3.0.8: {}

  vue-tsc@2.1.6(typescript@5.6.2):
    dependencies:
      '@volar/typescript': 2.4.5(typescript@5.6.2)
      '@vue/language-core': 2.1.6(typescript@5.6.2)
      semver: 7.6.3
      typescript: 5.6.2

  vue@3.5.11(typescript@5.6.2):
    dependencies:
      '@vue/compiler-dom': 3.5.11
      '@vue/compiler-sfc': 3.5.11
      '@vue/runtime-dom': 3.5.11
      '@vue/server-renderer': 3.5.11(vue@3.5.11(typescript@5.6.2))
      '@vue/shared': 3.5.11
    optionalDependencies:
      typescript: 5.6.2
